Microsoft Visual Studio Solution File, Format Version 12.00
# Visual Studio Version 17
VisualStudioVersion = 17.5.2.0
MinimumVisualStudioVersion = 10.0.40219.1
Project("{FAE04EC0-301F-11D3-BF4B-00C04F79EFBC}") = "Correlator", "Correlator.csproj", "{84F30728-E806-136F-A889-75338CC7E0BA}"
EndProject
Global
	GlobalSection(SolutionConfigurationPlatforms) = preSolution
		Debug|Any CPU = Debug|Any CPU
		Release|Any CPU = Release|Any CPU
	EndGlobalSection
	GlobalSection(ProjectConfigurationPlatforms) = postSolution
		{84F30728-E806-136F-A889-75338CC7E0BA}.Debug|Any CPU.ActiveCfg = Debug|Any CPU
		{84F30728-E806-136F-A889-75338CC7E0BA}.Debug|Any CPU.Build.0 = Debug|Any CPU
		{84F30728-E806-136F-A889-75338CC7E0BA}.Release|Any CPU.ActiveCfg = Release|Any CPU
		{84F30728-E806-136F-A889-75338CC7E0BA}.Release|Any CPU.Build.0 = Release|Any CPU
	EndGlobalSection
	GlobalSection(SolutionProperties) = preSolution
		HideSolutionNode = FALSE
	EndGlobalSection
	GlobalSection(ExtensibilityGlobals) = postSolution
		SolutionGuid = {7C8AEB15-2B14-4CF7-9D63-BFBC2557170B}
	EndGlobalSection
EndGlobal
